// !$*UTF8*$!
{
	archiveVersion = 1;
	classes = {
	};
	objectVersion = 55;
	objects = {

/* Begin PBXBuildFile section */
		B5643E272818C2F40095CE08 /* CaloriesViewController.swift in Sources */ = {isa = PBXBuildFile; fileRef = B5643E262818C2F40095CE08 /* CaloriesViewController.swift */; };
		B578CADB281538AF00179CEC /* AppDelegate.swift in Sources */ = {isa = PBXBuildFile; fileRef = B578CADA281538AF00179CEC /* AppDelegate.swift */; };
		B578CADD281538AF00179CEC /* SceneDelegate.swift in Sources */ = {isa = PBXBuildFile; fileRef = B578CADC281538AF00179CEC /* SceneDelegate.swift */; };
		B578CADF281538AF00179CEC /* ViewController.swift in Sources */ = {isa = PBXBuildFile; fileRef = B578CADE281538AF00179CEC /* ViewController.swift */; };
		B578CAE2281538AF00179CEC /* Main.storyboard in Resources */ = {isa = PBXBuildFile; fileRef = B578CAE0281538AF00179CEC /* Main.storyboard */; };
		B578CAE4281538B000179CEC /* Assets.xcassets in Resources */ = {isa = PBXBuildFile; fileRef = B578CAE3281538B000179CEC /* Assets.xcassets */; };
		B578CAE7281538B000179CEC /* LaunchScreen.storyboard in Resources */ = {isa = PBXBuildFile; fileRef = B578CAE5281538B000179CEC /* LaunchScreen.storyboard */; };
		B578CAF2281538B000179CEC /* ExerciseTrackerApp_2Tests.swift in Sources */ = {isa = PBXBuildFile; fileRef = B578CAF1281538B000179CEC /* ExerciseTrackerApp_2Tests.swift */; };
		B578CAFC281538B000179CEC /* ExerciseTrackerApp_2UITests.swift in Sources */ = {isa = PBXBuildFile; fileRef = B578CAFB281538B000179CEC /* ExerciseTrackerApp_2UITests.swift */; };
		B578CAFE281538B000179CEC /* ExerciseTrackerApp_2UITestsLaunchTests.swift in Sources */ = {isa = PBXBuildFile; fileRef = B578CAFD281538B000179CEC /* ExerciseTrackerApp_2UITestsLaunchTests.swift */; };
		B578CB0D281544C700179CEC /* WorkoutViewController.swift in Sources */ = {isa = PBXBuildFile; fileRef = B578CB0C281544C700179CEC /* WorkoutViewController.swift */; };
		B578CB0F281557AB00179CEC /* WorkoutLogs.swift in Sources */ = {isa = PBXBuildFile; fileRef = B578CB0E281557AB00179CEC /* WorkoutLogs.swift */; };
/* End PBXBuildFile section */

/* Begin PBXContainerItemProxy section */
		B578CAEE281538B000179CEC /* PBXContainerItemProxy */ = {
			isa = PBXContainerItemProxy;
			containerPortal = B578CACF281538AF00179CEC /* Project object */;
			proxyType = 1;
			remoteGlobalIDString = B578CAD6281538AF00179CEC;
			remoteInfo = "ExerciseTrackerApp-2";
		};
		B578CAF8281538B000179CEC /* PBXContainerItemProxy */ = {
			isa = PBXContainerItemProxy;
			containerPortal = B578CACF281538AF00179CEC /* Project object */;
			proxyType = 1;
			remoteGlobalIDString = B578CAD6281538AF00179CEC;
			remoteInfo = "ExerciseTrackerApp-2";
		};
/* End PBXContainerItemProxy section */

/* Begin PBXFileReference section */
		B5643E262818C2F40095CE08 /* CaloriesViewController.swift */ = {isa = PBXFileReference; lastKnownFileType = sourcecode.swift; path = CaloriesViewController.swift; sourceTree = "<group>"; };
		B578CAD7281538AF00179CEC /* ExerciseTrackerApp-2.app */ = {isa = PBXFileReference; explicitFileType = wrapper.application; includeInIndex = 0; path = "ExerciseTrackerApp-2.app"; sourceTree = BUILT_PRODUCTS_DIR; };
		B578CADA281538AF00179CEC /* AppDelegate.swift */ = {isa = PBXFileReference; lastKnownFileType = sourcecode.swift; path = AppDelegate.swift; sourceTree = "<group>"; };
		B578CADC281538AF00179CEC /* SceneDelegate.swift */ = {isa = PBXFileReference; lastKnownFileType = sourcecode.swift; path = SceneDelegate.swift; sourceTree = "<group>"; };
		B578CADE281538AF00179CEC /* ViewController.swift */ = {isa = PBXFileReference; lastKnownFileType = sourcecode.swift; path = ViewController.swift; sourceTree = "<group>"; };
		B578CAE1281538AF00179CEC /* Base */ = {isa = PBXFileReference; lastKnownFileType = file.storyboard; name = Base; path = Base.lproj/Main.storyboard; sourceTree = "<group>"; };
		B578CAE3281538B000179CEC /* Assets.xcassets */ = {isa = PBXFileReference; lastKnownFileType = folder.assetcatalog; path = Assets.xcassets; sourceTree = "<group>"; };
		B578CAE6281538B000179CEC /* Base */ = {isa = PBXFileReference; lastKnownFileType = file.storyboard; name = Base; path = Base.lproj/LaunchScreen.storyboard; sourceTree = "<group>"; };
		B578CAE8281538B000179CEC /* Info.plist */ = {isa = PBXFileReference; lastKnownFileType = text.plist.xml; path = Info.plist; sourceTree = "<group>"; };
		B578CAED281538B000179CEC /* ExerciseTrackerApp-2Tests.xctest */ = {isa = PBXFileReference; explicitFileType = wrapper.cfbundle; includeInIndex = 0; path = "ExerciseTrackerApp-2Tests.xctest"; sourceTree = BUILT_PRODUCTS_DIR; };
		B578CAF1281538B000179CEC /* ExerciseTrackerApp_2Tests.swift */ = {isa = PBXFileReference; lastKnownFileType = sourcecode.swift; path = ExerciseTrackerApp_2Tests.swift; sourceTree = "<group>"; };
		B578CAF7281538B000179CEC /* ExerciseTrackerApp-2UITests.xctest */ = {isa = PBXFileReference; explicitFileType = wrapper.cfbundle; includeInIndex = 0; path = "ExerciseTrackerApp-2UITests.xctest"; sourceTree = BUILT_PRODUCTS_DIR; };
		B578CAFB281538B000179CEC /* ExerciseTrackerApp_2UITests.swift */ = {isa = PBXFileReference; lastKnownFileType = sourcecode.swift; path = ExerciseTrackerApp_2UITests.swift; sourceTree = "<group>"; };
		B578CAFD281538B000179CEC /* ExerciseTrackerApp_2UITestsLaunchTests.swift */ = {isa = PBXFileReference; lastKnownFileType = sourcecode.swift; path = ExerciseTrackerApp_2UITestsLaunchTests.swift; sourceTree = "<group>"; };
		B578CB0C281544C700179CEC /* WorkoutViewController.swift */ = {isa = PBXFileReference; lastKnownFileType = sourcecode.swift; path = WorkoutViewController.swift; sourceTree = "<group>"; };
		B578CB0E281557AB00179CEC /* WorkoutLogs.swift */ = {isa = PBXFileReference; lastKnownFileType = sourcecode.swift; path = WorkoutLogs.swift; sourceTree = "<group>"; };
/* End PBXFileReference section */

/* Begin PBXFrameworksBuildPhase section */
		B578CAD4281538AF00179CEC /* Frameworks */ = {
			isa = PBXFrameworksBuildPhase;
			buildActionMask = 2147483647;
			files = (
			);
			runOnlyForDeploymentPostprocessing = 0;
		};
		B578CAEA281538B000179CEC /* Frameworks */ = {
			isa = PBXFrameworksBuildPhase;
			buildActionMask = 2147483647;
			files = (
			);
			runOnlyForDeploymentPostprocessing = 0;
		};
		B578CAF4281538B000179CEC /* Frameworks */ = {
			isa = PBXFrameworksBuildPhase;
			buildActionMask = 2147483647;
			files = (
			);
			runOnlyForDeploymentPostprocessing = 0;
		};
/* End PBXFrameworksBuildPhase section */

/* Begin PBXGroup section */
		B578CACE281538AF00179CEC = {
			isa = PBXGroup;
			children = (
				B578CAD9281538AF00179CEC /* ExerciseTrackerApp-2 */,
				B578CAF0281538B000179CEC /* ExerciseTrackerApp-2Tests */,
				B578CAFA281538B000179CEC /* ExerciseTrackerApp-2UITests */,
				B578CAD8281538AF00179CEC /* Products */,
			);
			sourceTree = "<group>";
		};
		B578CAD8281538AF00179CEC /* Products */ = {
			isa = PBXGroup;
			children = (
				B578CAD7281538AF00179CEC /* ExerciseTrackerApp-2.app */,
				B578CAED281538B000179CEC /* ExerciseTrackerApp-2Tests.xctest */,
				B578CAF7281538B000179CEC /* ExerciseTrackerApp-2UITests.xctest */,
			);
			name = Products;
			sourceTree = "<group>";
		};
		B578CAD9281538AF00179CEC /* ExerciseTrackerApp-2 */ = {
			isa = PBXGroup;
			children = (
				B578CADA281538AF00179CEC /* AppDelegate.swift */,
				B578CADC281538AF00179CEC /* SceneDelegate.swift */,
				B578CADE281538AF00179CEC /* ViewController.swift */,
				B578CB0C281544C700179CEC /* WorkoutViewController.swift */,
				B5643E262818C2F40095CE08 /* CaloriesViewController.swift */,
				B578CB0E281557AB00179CEC /* WorkoutLogs.swift */,
				B578CAE0281538AF00179CEC /* Main.storyboard */,
				B578CAE3281538B000179CEC /* Assets.xcassets */,
				B578CAE5281538B000179CEC /* LaunchScreen.storyboard */,
				B578CAE8281538B000179CEC /* Info.plist */,
			);
			path = "ExerciseTrackerApp-2";
			sourceTree = "<group>";
		};
		B578CAF0281538B000179CEC /* ExerciseTrackerApp-2Tests */ = {
			isa = PBXGroup;
			children = (
				B578CAF1281538B000179CEC /* ExerciseTrackerApp_2Tests.swift */,
			);
			path = "ExerciseTrackerApp-2Tests";
			sourceTree = "<group>";
		};
		B578CAFA281538B000179CEC /* ExerciseTrackerApp-2UITests */ = {
			isa = PBXGroup;
			children = (
				B578CAFB281538B000179CEC /* ExerciseTrackerApp_2UITests.swift */,
				B578CAFD281538B000179CEC /* ExerciseTrackerApp_2UITestsLaunchTests.swift */,
			);
			path = "ExerciseTrackerApp-2UITests";
			sourceTree = "<group>";
		};
/* End PBXGroup section */

/* Begin PBXNativeTarget section */
		B578CAD6281538AF00179CEC /* ExerciseTrackerApp-2 */ = {
			isa = PBXNativeTarget;
			buildConfigurationList = B578CB01281538B000179CEC /* Build configuration list for PBXNativeTarget "ExerciseTrackerApp-2" */;
			buildPhases = (
				B578CAD3281538AF00179CEC /* Sources */,
				B578CAD4281538AF00179CEC /* Frameworks */,
				B578CAD5281538AF00179CEC /* Resources */,
			);
			buildRules = (
			);
			dependencies = (
			);
			name = "ExerciseTrackerApp-2";
			productName = "ExerciseTrackerApp-2";
			productReference = B578CAD7281538AF00179CEC /* ExerciseTrackerApp-2.app */;
			productType = "com.apple.product-type.application";
		};
		B578CAEC281538B000179CEC /* ExerciseTrackerApp-2Tests */ = {
			isa = PBXNativeTarget;
			buildConfigurationList = B578CB04281538B000179CEC /* Build configuration list for PBXNativeTarget "ExerciseTrackerApp-2Tests" */;
			buildPhases = (
				B578CAE9281538B000179CEC /* Sources */,
				B578CAEA281538B000179CEC /* Frameworks */,
				B578CAEB281538B000179CEC /* Resources */,
			);
			buildRules = (
			);
			dependencies = (
				B578CAEF281538B000179CEC /* PBXTargetDependency */,
			);
			name = "ExerciseTrackerApp-2Tests";
			productName = "ExerciseTrackerApp-2Tests";
			productReference = B578CAED281538B000179CEC /* ExerciseTrackerApp-2Tests.xctest */;
			productType = "com.apple.product-type.bundle.unit-test";
		};
		B578CAF6281538B000179CEC /* ExerciseTrackerApp-2UITests */ = {
			isa = PBXNativeTarget;
			buildConfigurationList = B578CB07281538B000179CEC /* Build configuration list for PBXNativeTarget "ExerciseTrackerApp-2UITests" */;
			buildPhases = (
				B578CAF3281538B000179CEC /* Sources */,
				B578CAF4281538B000179CEC /* Frameworks */,
				B578CAF5281538B000179CEC /* Resources */,
			);
			buildRules = (
			);
			dependencies = (
				B578CAF9281538B000179CEC /* PBXTargetDependency */,
			);
			name = "ExerciseTrackerApp-2UITests";
			productName = "ExerciseTrackerApp-2UITests";
			productReference = B578CAF7281538B000179CEC /* ExerciseTrackerApp-2UITests.xctest */;
			productType = "com.apple.product-type.bundle.ui-testing";
		};
/* End PBXNativeTarget section */

/* Begin PBXProject section */
		B578CACF281538AF00179CEC /* Project object */ = {
			isa = PBXProject;
			attributes = {
				BuildIndependentTargetsInParallel = 1;
				LastSwiftUpdateCheck = 1320;
				LastUpgradeCheck = 1320;
				TargetAttributes = {
					B578CAD6281538AF00179CEC = {
						CreatedOnToolsVersion = 13.2.1;
					};
					B578CAEC281538B000179CEC = {
						CreatedOnToolsVersion = 13.2.1;
						TestTargetID = B578CAD6281538AF00179CEC;
					};
					B578CAF6281538B000179CEC = {
						CreatedOnToolsVersion = 13.2.1;
						TestTargetID = B578CAD6281538AF00179CEC;
					};
				};
			};
			buildConfigurationList = B578CAD2281538AF00179CEC /* Build configuration list for PBXProject "ExerciseTrackerApp-2" */;
			compatibilityVersion = "Xcode 13.0";
			developmentRegion = en;
			hasScannedForEncodings = 0;
			knownRegions = (
				en,
				Base,
			);
			mainGroup = B578CACE281538AF00179CEC;
			productRefGroup = B578CAD8281538AF00179CEC /* Products */;
			projectDirPath = "";
			projectRoot = "";
			targets = (
				B578CAD6281538AF00179CEC /* ExerciseTrackerApp-2 */,
				B578CAEC281538B000179CEC /* ExerciseTrackerApp-2Tests */,
				B578CAF6281538B000179CEC /* ExerciseTrackerApp-2UITests */,
			);
		};
/* End PBXProject section */

/* Begin PBXResourcesBuildPhase section */
		B578CAD5281538AF00179CEC /* Resources */ = {
			isa = PBXResourcesBuildPhase;
			buildActionMask = 2147483647;
			files = (
				B578CAE7281538B000179CEC /* LaunchScreen.storyboard in Resources */,
				B578CAE4281538B000179CEC /* Assets.xcassets in Resources */,
				B578CAE2281538AF00179CEC /* Main.storyboard in Resources */,
			);
			runOnlyForDeploymentPostprocessing = 0;
		};
		B578CAEB281538B000179CEC /* Resources */ = {
			isa = PBXResourcesBuildPhase;
			buildActionMask = 2147483647;
			files = (
			);
			runOnlyForDeploymentPostprocessing = 0;
		};
		B578CAF5281538B000179CEC /* Resources */ = {
			isa = PBXResourcesBuildPhase;
			buildActionMask = 2147483647;
			files = (
			);
			runOnlyForDeploymentPostprocessing = 0;
		};
/* End PBXResourcesBuildPhase section */

/* Begin PBXSourcesBuildPhase section */
		B578CAD3281538AF00179CEC /* Sources */ = {
			isa = PBXSourcesBuildPhase;
			buildActionMask = 2147483647;
			files = (
				B5643E272818C2F40095CE08 /* CaloriesViewController.swift in Sources */,
				B578CB0D281544C700179CEC /* WorkoutViewController.swift in Sources */,
				B578CADF281538AF00179CEC /* ViewController.swift in Sources */,
				B578CADB281538AF00179CEC /* AppDelegate.swift in Sources */,
				B578CB0F281557AB00179CEC /* WorkoutLogs.swift in Sources */,
				B578CADD281538AF00179CEC /* SceneDelegate.swift in Sources */,
			);
			runOnlyForDeploymentPostprocessing = 0;
		};
		B578CAE9281538B000179CEC /* Sources */ = {
			isa = PBXSourcesBuildPhase;
			buildActionMask = 2147483647;
			files = (
				B578CAF2281538B000179CEC /* ExerciseTrackerApp_2Tests.swift in Sources */,
			);
			runOnlyForDeploymentPostprocessing = 0;
		};
		B578CAF3281538B000179CEC /* Sources */ = {
			isa = PBXSourcesBuildPhase;
			buildActionMask = 2147483647;
			files = (
				B578CAFE281538B000179CEC /* ExerciseTrackerApp_2UITestsLaunchTests.swift in Sources */,
				B578CAFC281538B000179CEC /* ExerciseTrackerApp_2UITests.swift in Sources */,
			);
			runOnlyForDeploymentPostprocessing = 0;
		};
/* End PBXSourcesBuildPhase section */

/* Begin PBXTargetDependency section */
		B578CAEF281538B000179CEC /* PBXTargetDependency */ = {
			isa = PBXTargetDependency;
			target = B578CAD6281538AF00179CEC /* ExerciseTrackerApp-2 */;
			targetProxy = B578CAEE281538B000179CEC /* PBXContainerItemProxy */;
		};
		B578CAF9281538B000179CEC /* PBXTargetDependency */ = {
			isa = PBXTargetDependency;
			target = B578CAD6281538AF00179CEC /* ExerciseTrackerApp-2 */;
			targetProxy = B578CAF8281538B000179CEC /* PBXContainerItemProxy */;
		};
/* End PBXTargetDependency section */

/* Begin PBXVariantGroup section */
		B578CAE0281538AF00179CEC /* Main.storyboard */ = {
			isa = PBXVariantGroup;
			children = (
				B578CAE1281538AF00179CEC /* Base */,
			);
			name = Main.storyboard;
			sourceTree = "<group>";
		};
		B578CAE5281538B000179CEC /* LaunchScreen.storyboard */ = {
			isa = PBXVariantGroup;
			children = (
				B578CAE6281538B000179CEC /* Base */,
			);
			name = LaunchScreen.storyboard;
			sourceTree = "<group>";
		};
/* End PBXVariantGroup section */

/* Begin XCBuildConfiguration section */
		B578CAFF281538B000179CEC /* Debug */ = {
			isa = XCBuildConfiguration;
			buildSettings = {
				ALWAYS_SEARCH_USER_PATHS = NO;
				CLANG_ANALYZER_NONNULL = YES;
				CLANG_ANALYZER_NUMBER_OBJECT_CONVERSION = YES_AGGRESSIVE;
				CLANG_CXX_LANGUAGE_STANDARD = "gnu++17";
				CLANG_CXX_LIBRARY = "libc++";
				CLANG_ENABLE_MODULES = YES;
				CLANG_ENABLE_OBJC_ARC = YES;
				CLANG_ENABLE_OBJC_WEAK = YES;
				CLANG_WARN_BLOCK_CAPTURE_AUTORELEASING = YES;
				CLANG_WARN_BOOL_CONVERSION = YES;
				CLANG_WARN_COMMA = YES;
				CLANG_WARN_CONSTANT_CONVERSION = YES;
				CLANG_WARN_DEPRECATED_OBJC_IMPLEMENTATIONS = YES;
				CLANG_WARN_DIRECT_OBJC_ISA_USAGE = YES_ERROR;
				CLANG_WARN_DOCUMENTATION_COMMENTS = YES;
				CLANG_WARN_EMPTY_BODY = YES;
				CLANG_WARN_ENUM_CONVERSION = YES;
				CLANG_WARN_INFINITE_RECURSION = YES;
				CLANG_WARN_INT_CONVERSION = YES;
				CLANG_WARN_NON_LITERAL_NULL_CONVERSION = YES;
				CLANG_WARN_OBJC_IMPLICIT_RETAIN_SELF = YES;
				CLANG_WARN_OBJC_LITERAL_CONVERSION = YES;
				CLANG_WARN_OBJC_ROOT_CLASS = YES_ERROR;
				CLANG_WARN_QUOTED_INCLUDE_IN_FRAMEWORK_HEADER = YES;
				CLANG_WARN_RANGE_LOOP_ANALYSIS = YES;
				CLANG_WARN_STRICT_PROTOTYPES = YES;
				CLANG_WARN_SUSPICIOUS_MOVE = YES;
				CLANG_WARN_UNGUARDED_AVAILABILITY = YES_AGGRESSIVE;
				CLANG_WARN_UNREACHABLE_CODE = YES;
				CLANG_WARN__DUPLICATE_METHOD_MATCH = YES;
				COPY_PHASE_STRIP = NO;
				DEBUG_INFORMATION_FORMAT = dwarf;
				ENABLE_STRICT_OBJC_MSGSEND = YES;
				ENABLE_TESTABILITY = YES;
				GCC_C_LANGUAGE_STANDARD = gnu11;
				GCC_DYNAMIC_NO_PIC = NO;
				GCC_NO_COMMON_BLOCKS = YES;
				GCC_OPTIMIZATION_LEVEL = 0;
				GCC_PREPROCESSOR_DEFINITIONS = (
					"DEBUG=1",
					"$(inherited)",
				);
				GCC_WARN_64_TO_32_BIT_CONVERSION = YES;
				GCC_WARN_ABOUT_RETURN_TYPE = YES_ERROR;
				GCC_WARN_UNDECLARED_SELECTOR = YES;
				GCC_WARN_UNINITIALIZED_AUTOS = YES_AGGRESSIVE;
				GCC_WARN_UNUSED_FUNCTION = YES;
				GCC_WARN_UNUSED_VARIABLE = YES;
				IPHONEOS_DEPLOYMENT_TARGET = 15.2;
				MTL_ENABLE_DEBUG_INFO = INCLUDE_SOURCE;
				MTL_FAST_MATH = YES;
				ONLY_ACTIVE_ARCH = YES;
				SDKROOT = iphoneos;
				SWIFT_ACTIVE_COMPILATION_CONDITIONS = DEBUG;
				SWIFT_OPTIMIZATION_LEVEL = "-Onone";
			};
			name = Debug;
		};
		B578CB00281538B000179CEC /* Release */ = {
			isa = XCBuildConfiguration;
			buildSettings = {
				ALWAYS_SEARCH_USER_PATHS = NO;
				CLANG_ANALYZER_NONNULL = YES;
				CLANG_ANALYZER_NUMBER_OBJECT_CONVERSION = YES_AGGRESSIVE;
				CLANG_CXX_LANGUAGE_STANDARD = "gnu++17";
				CLANG_CXX_LIBRARY = "libc++";
				CLANG_ENABLE_MODULES = YES;
				CLANG_ENABLE_OBJC_ARC = YES;
				CLANG_ENABLE_OBJC_WEAK = YES;
				CLANG_WARN_BLOCK_CAPTURE_AUTORELEASING = YES;
				CLANG_WARN_BOOL_CONVERSION = YES;
				CLANG_WARN_COMMA = YES;
				CLANG_WARN_CONSTANT_CONVERSION = YES;
				CLANG_WARN_DEPRECATED_OBJC_IMPLEMENTATIONS = YES;
				CLANG_WARN_DIRECT_OBJC_ISA_USAGE = YES_ERROR;
				CLANG_WARN_DOCUMENTATION_COMMENTS = YES;
				CLANG_WARN_EMPTY_BODY = YES;
				CLANG_WARN_ENUM_CONVERSION = YES;
				CLANG_WARN_INFINITE_RECURSION = YES;
				CLANG_WARN_INT_CONVERSION = YES;
				CLANG_WARN_NON_LITERAL_NULL_CONVERSION = YES;
				CLANG_WARN_OBJC_IMPLICIT_RETAIN_SELF = YES;
				CLANG_WARN_OBJC_LITERAL_CONVERSION = YES;
				CLANG_WARN_OBJC_ROOT_CLASS = YES_ERROR;
				CLANG_WARN_QUOTED_INCLUDE_IN_FRAMEWORK_HEADER = YES;
				CLANG_WARN_RANGE_LOOP_ANALYSIS = YES;
				CLANG_WARN_STRICT_PROTOTYPES = YES;
				CLANG_WARN_SUSPICIOUS_MOVE = YES;
				CLANG_WARN_UNGUARDED_AVAILABILITY = YES_AGGRESSIVE;
				CLANG_WARN_UNREACHABLE_CODE = YES;
				CLANG_WARN__DUPLICATE_METHOD_MATCH = YES;
				COPY_PHASE_STRIP = NO;
				DEBUG_INFORMATION_FORMAT = "dwarf-with-dsym";
				ENABLE_NS_ASSERTIONS = NO;
				ENABLE_STRICT_OBJC_MSGSEND = YES;
				GCC_C_LANGUAGE_STANDARD = gnu11;
				GCC_NO_COMMON_BLOCKS = YES;
				GCC_WARN_64_TO_32_BIT_CONVERSION = YES;
				GCC_WARN_ABOUT_RETURN_TYPE = YES_ERROR;
				GCC_WARN_UNDECLARED_SELECTOR = YES;
				GCC_WARN_UNINITIALIZED_AUTOS = YES_AGGRESSIVE;
				GCC_WARN_UNUSED_FUNCTION = YES;
				GCC_WARN_UNUSED_VARIABLE = YES;
				IPHONEOS_DEPLOYMENT_TARGET = 15.2;
				MTL_ENABLE_DEBUG_INFO = NO;
				MTL_FAST_MATH = YES;
				SDKROOT = iphoneos;
				SWIFT_COMPILATION_MODE = wholemodule;
				SWIFT_OPTIMIZATION_LEVEL = "-O";
				VALIDATE_PRODUCT = YES;
			};
			name = Release;
		};
		B578CB02281538B000179CEC /* Debug */ = {
			isa = XCBuildConfiguration;
			buildSettings = {
				ASSETCATALOG_COMPILER_APPICON_NAME = AppIcon;
				ASSETCATALOG_COMPILER_GLOBAL_ACCENT_COLOR_NAME = AccentColor;
				CODE_SIGN_STYLE = Automatic;
				CURRENT_PROJECT_VERSION = 1;
				GENERATE_INFOPLIST_FILE = YES;
				INFOPLIST_FILE = "ExerciseTrackerApp-2/Info.plist";
				INFOPLIST_KEY_UIApplicationSupportsIndirectInputEvents = YES;
				INFOPLIST_KEY_UILaunchStoryboardName = LaunchScreen;
				INFOPLIST_KEY_UIMainStoryboardFile = Main;
				INFOPLIST_KEY_UISupportedInterfaceOrientations_iPad = "UIInterfaceOrientationPortrait UIInterfaceOrientationPortraitUpsideDown UIInterfaceOrientationLandscapeLeft UIInterfaceOrientationLandscapeRight";
				INFOPLIST_KEY_UISupportedInterfaceOrientations_iPhone = "UIInterfaceOrientationPortrait UIInterfaceOrientationLandscapeLeft UIInterfaceOrientationLandscapeRight";
				LD_RUNPATH_SEARCH_PATHS = (
					"$(inherited)",
					"@executable_path/Frameworks",
				);
				MARKETING_VERSION = 1.0;
				PRODUCT_BUNDLE_IDENTIFIER = "sfsuStudent.ExerciseTrackerApp-2";
				PRODUCT_NAME = "$(TARGET_NAME)";
				SWIFT_EMIT_LOC_STRINGS = YES;
				SWIFT_VERSION = 5.0;
				TARGETED_DEVICE_FAMILY = "1,2";
			};
			name = Debug;
		};
		B578CB03281538B000179CEC /* Release */ = {
			isa = XCBuildConfiguration;
			buildSettings = {
				ASSETCATALOG_COMPILER_APPICON_NAME = AppIcon;
				ASSETCATALOG_COMPILER_GLOBAL_ACCENT_COLOR_NAME = AccentColor;
				CODE_SIGN_STYLE = Automatic;
				CURRENT_PROJECT_VERSION = 1;
				GENERATE_INFOPLIST_FILE = YES;
				INFOPLIST_FILE = "ExerciseTrackerApp-2/Info.plist";
				INFOPLIST_KEY_UIApplicationSupportsIndirectInputEvents = YES;
				INFOPLIST_KEY_UILaunchStoryboardName = LaunchScreen;
				INFOPLIST_KEY_UIMainStoryboardFile = Main;
				INFOPLIST_KEY_UISupportedInterfaceOrientations_iPad = "UIInterfaceOrientationPortrait UIInterfaceOrientationPortraitUpsideDown UIInterfaceOrientationLandscapeLeft UIInterfaceOrientationLandscapeRight";
				INFOPLIST_KEY_UISupportedInterfaceOrientations_iPhone = "UIInterfaceOrientationPortrait UIInterfaceOrientationLandscapeLeft UIInterfaceOrientationLandscapeRight";
				LD_RUNPATH_SEARCH_PATHS = (
					"$(inherited)",
					"@executable_path/Frameworks",
				);
				MARKETING_VERSION = 1.0;
				PRODUCT_BUNDLE_IDENTIFIER = "sfsuStudent.ExerciseTrackerApp-2";
				PRODUCT_NAME = "$(TARGET_NAME)";
				SWIFT_EMIT_LOC_STRINGS = YES;
				SWIFT_VERSION = 5.0;
				TARGETED_DEVICE_FAMILY = "1,2";
			};
			name = Release;
		};
		B578CB05281538B000179CEC /* Debug */ = {
			isa = XCBuildConfiguration;
			buildSettings = {
				ALWAYS_EMBED_SWIFT_STANDARD_LIBRARIES = YES;
				BUNDLE_LOADER = "$(TEST_HOST)";
				CODE_SIGN_STYLE = Automatic;
				CURRENT_PROJECT_VERSION = 1;
				GENERATE_INFOPLIST_FILE = YES;
				IPHONEOS_DEPLOYMENT_TARGET = 15.2;
				MARKETING_VERSION = 1.0;
				PRODUCT_BUNDLE_IDENTIFIER = "sfsuStudent.ExerciseTrackerApp-2Tests";
				PRODUCT_NAME = "$(TARGET_NAME)";
				SWIFT_EMIT_LOC_STRINGS = NO;
				SWIFT_VERSION = 5.0;
				TARGETED_DEVICE_FAMILY = "1,2";
				TEST_HOST = "$(BUILT_PRODUCTS_DIR)/ExerciseTrackerApp-2.app/ExerciseTrackerApp-2";
			};
			name = Debug;
		};
		B578CB06281538B000179CEC /* Release */ = {
			isa = XCBuildConfiguration;
			buildSettings = {
				ALWAYS_EMBED_SWIFT_STANDARD_LIBRARIES = YES;
				BUNDLE_LOADER = "$(TEST_HOST)";
				CODE_SIGN_STYLE = Automatic;
				CURRENT_PROJECT_VERSION = 1;
				GENERATE_INFOPLIST_FILE = YES;
				IPHONEOS_DEPLOYMENT_TARGET = 15.2;
				MARKETING_VERSION = 1.0;
				PRODUCT_BUNDLE_IDENTIFIER = "sfsuStudent.ExerciseTrackerApp-2Tests";
				PRODUCT_NAME = "$(TARGET_NAME)";
				SWIFT_EMIT_LOC_STRINGS = NO;
				SWIFT_VERSION = 5.0;
				TARGETED_DEVICE_FAMILY = "1,2";
				TEST_HOST = "$(BUILT_PRODUCTS_DIR)/ExerciseTrackerApp-2.app/ExerciseTrackerApp-2";
			};
			name = Release;
		};
		B578CB08281538B000179CEC /* Debug */ = {
			isa = XCBuildConfiguration;
			buildSettings = {
				ALWAYS_EMBED_SWIFT_STANDARD_LIBRARIES = YES;
				CODE_SIGN_STYLE = Automatic;
				CURRENT_PROJECT_VERSION = 1;
				GENERATE_INFOPLIST_FILE = YES;
				MARKETING_VERSION = 1.0;
				PRODUCT_BUNDLE_IDENTIFIER = "sfsuStudent.ExerciseTrackerApp-2UITests";
				PRODUCT_NAME = "$(TARGET_NAME)";
				SWIFT_EMIT_LOC_STRINGS = NO;
				SWIFT_VERSION = 5.0;
				TARGETED_DEVICE_FAMILY = "1,2";
				TEST_TARGET_NAME = "ExerciseTrackerApp-2";
			};
			name = Debug;
		};
		B578CB09281538B000179CEC /* Release */ = {
			isa = XCBuildConfiguration;
			buildSettings = {
				ALWAYS_EMBED_SWIFT_STANDARD_LIBRARIES = YES;
				CODE_SIGN_STYLE = Automatic;
				CURRENT_PROJECT_VERSION = 1;
				GENERATE_INFOPLIST_FILE = YES;
				MARKETING_VERSION = 1.0;
				PRODUCT_BUNDLE_IDENTIFIER = "sfsuStudent.ExerciseTrackerApp-2UITests";
				PRODUCT_NAME = "$(TARGET_NAME)";
				SWIFT_EMIT_LOC_STRINGS = NO;
				SWIFT_VERSION = 5.0;
				TARGETED_DEVICE_FAMILY = "1,2";
				TEST_TARGET_NAME = "ExerciseTrackerApp-2";
			};
			name = Release;
		};
/* End XCBuildConfiguration section */

/* Begin XCConfigurationList section */
		B578CAD2281538AF00179CEC /* Build configuration list for PBXProject "ExerciseTrackerApp-2" */ = {
			isa = XCConfigurationList;
			buildConfigurations = (
				B578CAFF281538B000179CEC /* Debug */,
				B578CB00281538B000179CEC /* Release */,
			);
			defaultConfigurationIsVisible = 0;
			defaultConfigurationName = Release;
		};
		B578CB01281538B000179CEC /* Build configuration list for PBXNativeTarget "ExerciseTrackerApp-2" */ = {
			isa = XCConfigurationList;
			buildConfigurations = (
				B578CB02281538B000179CEC /* Debug */,
				B578CB03281538B000179CEC /* Release */,
			);
			defaultConfigurationIsVisible = 0;
			defaultConfigurationName = Release;
		};
		B578CB04281538B000179CEC /* Build configuration list for PBXNativeTarget "ExerciseTrackerApp-2Tests" */ = {
			isa = XCConfigurationList;
			buildConfigurations = (
				B578CB05281538B000179CEC /* Debug */,
				B578CB06281538B000179CEC /* Release */,
			);
			defaultConfigurationIsVisible = 0;
			defaultConfigurationName = Release;
		};
		B578CB07281538B000179CEC /* Build configuration list for PBXNativeTarget "ExerciseTrackerApp-2UITests" */ = {
			isa = XCConfigurationList;
			buildConfigurations = (
				B578CB08281538B000179CEC /* Debug */,
				B578CB09281538B000179CEC /* Release */,
			);
			defaultConfigurationIsVisible = 0;
			defaultConfigurationName = Release;
		};
/* End XCConfigurationList section */
	};
	rootObject = B578CACF281538AF00179CEC /* Project object */;
}
